{
  "name": "@m1yh3m/cpu.info.node.sh",
  "version": "2022.08.17",
  "lockfileVersion": 2,
  "requires": true,
  "packages": {
    "": {
      "name": "@m1yh3m/cpu.info.node.sh",
      "version": "2022.08.17",
      "license": "MIT",
      "dependencies": {
        "@f0c1s/color-green": "^0.0.1",
        "@f0c1s/color-red": "^0.0.1",
        "@f0c1s/color-yellow": "^0.0.1",
        "@f0c1s/cpu.info.node.lib": "^2021.3.23"
      },
      "bin": {
        "cpu_info": "src/cpu_info.js"
      }
    },
    "node_modules/@f0c1s/color-green": {
      "version": "0.0.1",
      "resolved": "https://registry.npmjs.org/@f0c1s/color-green/-/color-green-0.0.1.tgz",
      "integrity": "sha512-poOX7ME8VY63/N0teeNPG4XgDITFvUEMNx51zBITmSDbpvR+JBzh8ldO2lPl4SAEG1KjnwQBcMH4K0CGgHm4OA=="
    },
    "node_modules/@f0c1s/color-red": {
      "version": "0.0.1",
      "resolved": "https://registry.npmjs.org/@f0c1s/color-red/-/color-red-0.0.1.tgz",
      "integrity": "sha512-vT0VIj3KPpc7Md7f+0+2crvC636bLgs0RdCjGPa1fz6KAYkAMrFp0U7jpev+dJReRBSAyExwxO3Kmm98/pqXkg=="
    },
    "node_modules/@f0c1s/color-yellow": {
      "version": "0.0.1",
      "resolved": "https://registry.npmjs.org/@f0c1s/color-yellow/-/color-yellow-0.0.1.tgz",
      "integrity": "sha512-/bfoTUZK5jkmQmI/GPyqWYHOcaeblWz4sSusFfCWthI3BSGhG4mqcuuWLZfLXFYY+xo+uQ6wY3FAVeVgAxLRBA=="
    },
    "node_modules/@f0c1s/cpu.info.node.lib": {
      "version": "2021.3.23",
      "resolved": "https://registry.npmjs.org/@f0c1s/cpu.info.node.lib/-/cpu.info.node.lib-2021.3.23.tgz",
      "integrity": "sha512-podp21L2eMo/lrAsu7tEP+mfPgwPjXjQSWBb1hy6Uuy529/WAkZ91noBQSRx9zBk7tK4SSQHZMwtfwXUzjKLNA==",
      "dependencies": {
        "@f0c1s/color-green": "^0.0.1",
        "@f0c1s/color-red": "^0.0.1"
      }
    }
  },
  "dependencies": {
    "@f0c1s/color-green": {
      "version": "0.0.1",
      "resolved": "https://registry.npmjs.org/@f0c1s/color-green/-/color-green-0.0.1.tgz",
      "integrity": "sha512-poOX7ME8VY63/N0teeNPG4XgDITFvUEMNx51zBITmSDbpvR+JBzh8ldO2lPl4SAEG1KjnwQBcMH4K0CGgHm4OA=="
    },
    "@f0c1s/color-red": {
      "version": "0.0.1",
      "resolved": "https://registry.npmjs.org/@f0c1s/color-red/-/color-red-0.0.1.tgz",
      "integrity": "sha512-vT0VIj3KPpc7Md7f+0+2crvC636bLgs0RdCjGPa1fz6KAYkAMrFp0U7jpev+dJReRBSAyExwxO3Kmm98/pqXkg=="
    },
    "@f0c1s/color-yellow": {
      "version": "0.0.1",
      "resolved": "https://registry.npmjs.org/@f0c1s/color-yellow/-/color-yellow-0.0.1.tgz",
      "integrity": "sha512-/bfoTUZK5jkmQmI/GPyqWYHOcaeblWz4sSusFfCWthI3BSGhG4mqcuuWLZfLXFYY+xo+uQ6wY3FAVeVgAxLRBA=="
    },
    "@f0c1s/cpu.info.node.lib": {
      "version": "2021.3.23",
      "resolved": "https://registry.npmjs.org/@f0c1s/cpu.info.node.lib/-/cpu.info.node.lib-2021.3.23.tgz",
      "integrity": "sha512-podp21L2eMo/lrAsu7tEP+mfPgwPjXjQSWBb1hy6Uuy529/WAkZ91noBQSRx9zBk7tK4SSQHZMwtfwXUzjKLNA==",
      "requires": {
        "@f0c1s/color-green": "^0.0.1",
        "@f0c1s/color-red": "^0.0.1"
      }
    }
  }
}
